// !$*UTF8*$!
{
	archiveVersion = 1;
	classes = {
	};
	objectVersion = 48;
	objects = {

/* Begin PBXBuildFile section */
		35868C4C20C6F54D00BFFE5F /* main.m in Sources */ = {isa = PBXBuildFile; fileRef = 35868C4B20C6F54D00BFFE5F /* main.m */; };
		35868C5420C6F97800BFFE5F /* AdditionQuestion.m in Sources */ = {isa = PBXBuildFile; fileRef = 35868C5320C6F97800BFFE5F /* AdditionQuestion.m */; };
		35868C5720C704A800BFFE5F /* ScoreKeeper.m in Sources */ = {isa = PBXBuildFile; fileRef = 35868C5620C704A800BFFE5F /* ScoreKeeper.m */; };
		35868C5A20C7144100BFFE5F /* InputHandler.m in Sources */ = {isa = PBXBuildFile; fileRef = 35868C5920C7144100BFFE5F /* InputHandler.m */; };
		35868C7920C8355100BFFE5F /* QuestionManager.m in Sources */ = {isa = PBXBuildFile; fileRef = 35868C7820C8355100BFFE5F /* QuestionManager.m */; };
		35868C7C20C83CDB00BFFE5F /* Question.m in Sources */ = {isa = PBXBuildFile; fileRef = 35868C7B20C83CDB00BFFE5F /* Question.m */; };
		35868C7F20C83ED500BFFE5F /* SubtractionQuestion.m in Sources */ = {isa = PBXBuildFile; fileRef = 35868C7E20C83ED500BFFE5F /* SubtractionQuestion.m */; };
		35868C8220C8447E00BFFE5F /* QuestionFactory.m in Sources */ = {isa = PBXBuildFile; fileRef = 35868C8120C8447E00BFFE5F /* QuestionFactory.m */; };
		35868C8520C84E8600BFFE5F /* MultiplicationQuestion.m in Sources */ = {isa = PBXBuildFile; fileRef = 35868C8420C84E8600BFFE5F /* MultiplicationQuestion.m */; };
/* End PBXBuildFile section */

/* Begin PBXCopyFilesBuildPhase section */
		35868C4620C6F54D00BFFE5F /* CopyFiles */ = {
			isa = PBXCopyFilesBuildPhase;
			buildActionMask = 2147483647;
			dstPath = /usr/share/man/man1/;
			dstSubfolderSpec = 0;
			files = (
			);
			runOnlyForDeploymentPostprocessing = 1;
		};
/* End PBXCopyFilesBuildPhase section */

/* Begin PBXFileReference section */
		35868C4820C6F54D00BFFE5F /* Maths */ = {isa = PBXFileReference; explicitFileType = "compiled.mach-o.executable"; includeInIndex = 0; path = Maths; sourceTree = BUILT_PRODUCTS_DIR; };
		35868C4B20C6F54D00BFFE5F /* main.m */ = {isa = PBXFileReference; lastKnownFileType = sourcecode.c.objc; path = main.m; sourceTree = "<group>"; };
		35868C5220C6F97800BFFE5F /* AdditionQuestion.h */ = {isa = PBXFileReference; lastKnownFileType = sourcecode.c.h; path = AdditionQuestion.h; sourceTree = "<group>"; };
		35868C5320C6F97800BFFE5F /* AdditionQuestion.m */ = {isa = PBXFileReference; lastKnownFileType = sourcecode.c.objc; path = AdditionQuestion.m; sourceTree = "<group>"; };
		35868C5520C704A800BFFE5F /* ScoreKeeper.h */ = {isa = PBXFileReference; lastKnownFileType = sourcecode.c.h; path = ScoreKeeper.h; sourceTree = "<group>"; };
		35868C5620C704A800BFFE5F /* ScoreKeeper.m */ = {isa = PBXFileReference; lastKnownFileType = sourcecode.c.objc; path = ScoreKeeper.m; sourceTree = "<group>"; };
		35868C5820C7144100BFFE5F /* InputHandler.h */ = {isa = PBXFileReference; lastKnownFileType = sourcecode.c.h; path = InputHandler.h; sourceTree = "<group>"; };
		35868C5920C7144100BFFE5F /* InputHandler.m */ = {isa = PBXFileReference; lastKnownFileType = sourcecode.c.objc; path = InputHandler.m; sourceTree = "<group>"; };
		35868C7720C8355100BFFE5F /* QuestionManager.h */ = {isa = PBXFileReference; lastKnownFileType = sourcecode.c.h; path = QuestionManager.h; sourceTree = "<group>"; };
		35868C7820C8355100BFFE5F /* QuestionManager.m */ = {isa = PBXFileReference; lastKnownFileType = sourcecode.c.objc; path = QuestionManager.m; sourceTree = "<group>"; };
		35868C7A20C83CDB00BFFE5F /* Question.h */ = {isa = PBXFileReference; lastKnownFileType = sourcecode.c.h; path = Question.h; sourceTree = "<group>"; };
		35868C7B20C83CDB00BFFE5F /* Question.m */ = {isa = PBXFileReference; lastKnownFileType = sourcecode.c.objc; path = Question.m; sourceTree = "<group>"; };
		35868C7D20C83ED500BFFE5F /* SubtractionQuestion.h */ = {isa = PBXFileReference; lastKnownFileType = sourcecode.c.h; path = SubtractionQuestion.h; sourceTree = "<group>"; };
		35868C7E20C83ED500BFFE5F /* SubtractionQuestion.m */ = {isa = PBXFileReference; lastKnownFileType = sourcecode.c.objc; path = SubtractionQuestion.m; sourceTree = "<group>"; };
		35868C8020C8447E00BFFE5F /* QuestionFactory.h */ = {isa = PBXFileReference; lastKnownFileType = sourcecode.c.h; path = QuestionFactory.h; sourceTree = "<group>"; };
		35868C8120C8447E00BFFE5F /* QuestionFactory.m */ = {isa = PBXFileReference; lastKnownFileType = sourcecode.c.objc; path = QuestionFactory.m; sourceTree = "<group>"; };
		35868C8320C84E8600BFFE5F /* MultiplicationQuestion.h */ = {isa = PBXFileReference; lastKnownFileType = sourcecode.c.h; path = MultiplicationQuestion.h; sourceTree = "<group>"; };
		35868C8420C84E8600BFFE5F /* MultiplicationQuestion.m */ = {isa = PBXFileReference; lastKnownFileType = sourcecode.c.objc; path = MultiplicationQuestion.m; sourceTree = "<group>"; };
/* End PBXFileReference section */

/* Begin PBXFrameworksBuildPhase section */
		35868C4520C6F54D00BFFE5F /* Frameworks */ = {
			isa = PBXFrameworksBuildPhase;
			buildActionMask = 2147483647;
			files = (
			);
			runOnlyForDeploymentPostprocessing = 0;
		};
/* End PBXFrameworksBuildPhase section */

/* Begin PBXGroup section */
		35868C3F20C6F54D00BFFE5F = {
			isa = PBXGroup;
			children = (
				35868C4A20C6F54D00BFFE5F /* Maths */,
				35868C4920C6F54D00BFFE5F /* Products */,
			);
			sourceTree = "<group>";
		};
		35868C4920C6F54D00BFFE5F /* Products */ = {
			isa = PBXGroup;
			children = (
				35868C4820C6F54D00BFFE5F /* Maths */,
			);
			name = Products;
			sourceTree = "<group>";
		};
		35868C4A20C6F54D00BFFE5F /* Maths */ = {
			isa = PBXGroup;
			children = (
				35868C4B20C6F54D00BFFE5F /* main.m */,
				35868C5820C7144100BFFE5F /* InputHandler.h */,
				35868C5920C7144100BFFE5F /* InputHandler.m */,
				35868C7B20C83CDB00BFFE5F /* Question.m */,
				35868C7A20C83CDB00BFFE5F /* Question.h */,
				35868C5220C6F97800BFFE5F /* AdditionQuestion.h */,
				35868C5320C6F97800BFFE5F /* AdditionQuestion.m */,
				35868C7D20C83ED500BFFE5F /* SubtractionQuestion.h */,
				35868C7E20C83ED500BFFE5F /* SubtractionQuestion.m */,
				35868C8320C84E8600BFFE5F /* MultiplicationQuestion.h */,
				35868C8420C84E8600BFFE5F /* MultiplicationQuestion.m */,
				35868C8020C8447E00BFFE5F /* QuestionFactory.h */,
				35868C8120C8447E00BFFE5F /* QuestionFactory.m */,
				35868C7720C8355100BFFE5F /* QuestionManager.h */,
				35868C7820C8355100BFFE5F /* QuestionManager.m */,
				35868C5520C704A800BFFE5F /* ScoreKeeper.h */,
				35868C5620C704A800BFFE5F /* ScoreKeeper.m */,
			);
			path = Maths;
			sourceTree = "<group>";
		};
/* End PBXGroup section */

/* Begin PBXNativeTarget section */
		35868C4720C6F54D00BFFE5F /* Maths */ = {
			isa = PBXNativeTarget;
			buildConfigurationList = 35868C4F20C6F54D00BFFE5F /* Build configuration list for PBXNativeTarget "Maths" */;
			buildPhases = (
				35868C4420C6F54D00BFFE5F /* Sources */,
				35868C4520C6F54D00BFFE5F /* Frameworks */,
				35868C4620C6F54D00BFFE5F /* CopyFiles */,
			);
			buildRules = (
			);
			dependencies = (
			);
			name = Maths;
			productName = Maths;
			productReference = 35868C4820C6F54D00BFFE5F /* Maths */;
			productType = "com.apple.product-type.tool";
		};
/* End PBXNativeTarget section */

/* Begin PBXProject section */
		35868C4020C6F54D00BFFE5F /* Project object */ = {
			isa = PBXProject;
			attributes = {
				LastUpgradeCheck = 0920;
				ORGANIZATIONNAME = Bootcamp;
				TargetAttributes = {
					35868C4720C6F54D00BFFE5F = {
						CreatedOnToolsVersion = 9.2;
						ProvisioningStyle = Automatic;
					};
				};
			};
			buildConfigurationList = 35868C4320C6F54D00BFFE5F /* Build configuration list for PBXProject "Maths" */;
			compatibilityVersion = "Xcode 8.0";
			developmentRegion = en;
			hasScannedForEncodings = 0;
			knownRegions = (
				en,
			);
			mainGroup = 35868C3F20C6F54D00BFFE5F;
			productRefGroup = 35868C4920C6F54D00BFFE5F /* Products */;
			projectDirPath = "";
			projectRoot = "";
			targets = (
				35868C4720C6F54D00BFFE5F /* Maths */,
			);
		};
/* End PBXProject section */

/* Begin PBXSourcesBuildPhase section */
		35868C4420C6F54D00BFFE5F /* Sources */ = {
			isa = PBXSourcesBuildPhase;
			buildActionMask = 2147483647;
			files = (
				35868C7920C8355100BFFE5F /* QuestionManager.m in Sources */,
				35868C5720C704A800BFFE5F /* ScoreKeeper.m in Sources */,
				35868C7F20C83ED500BFFE5F /* SubtractionQuestion.m in Sources */,
				35868C4C20C6F54D00BFFE5F /* main.m in Sources */,
				35868C8220C8447E00BFFE5F /* QuestionFactory.m in Sources */,
				35868C7C20C83CDB00BFFE5F /* Question.m in Sources */,
				35868C8520C84E8600BFFE5F /* MultiplicationQuestion.m in Sources */,
				35868C5420C6F97800BFFE5F /* AdditionQuestion.m in Sources */,
				35868C5A20C7144100BFFE5F /* InputHandler.m in Sources */,
			);
			runOnlyForDeploymentPostprocessing = 0;
		};
/* End PBXSourcesBuildPhase section */

/* Begin XCBuildConfiguration section */
		35868C4D20C6F54D00BFFE5F /* Debug */ = {
			isa = XCBuildConfiguration;
			buildSettings = {
				ALWAYS_SEARCH_USER_PATHS = NO;
				CLANG_ANALYZER_NONNULL = YES;
				CLANG_ANALYZER_NUMBER_OBJECT_CONVERSION = YES_AGGRESSIVE;
				CLANG_CXX_LANGUAGE_STANDARD = "gnu++14";
				CLANG_CXX_LIBRARY = "libc++";
				CLANG_ENABLE_MODULES = YES;
				CLANG_ENABLE_OBJC_ARC = YES;
				CLANG_WARN_BLOCK_CAPTURE_AUTORELEASING = YES;
				CLANG_WARN_BOOL_CONVERSION = YES;
				CLANG_WARN_COMMA = YES;
				CLANG_WARN_CONSTANT_CONVERSION = YES;
				CLANG_WARN_DIRECT_OBJC_ISA_USAGE = YES_ERROR;
				CLANG_WARN_DOCUMENTATION_COMMENTS = YES;
				CLANG_WARN_EMPTY_BODY = YES;
				CLANG_WARN_ENUM_CONVERSION = YES;
				CLANG_WARN_INFINITE_RECURSION = YES;
				CLANG_WARN_INT_CONVERSION = YES;
				CLANG_WARN_NON_LITERAL_NULL_CONVERSION = YES;
				CLANG_WARN_OBJC_LITERAL_CONVERSION = YES;
				CLANG_WARN_OBJC_ROOT_CLASS = YES_ERROR;
				CLANG_WARN_RANGE_LOOP_ANALYSIS = YES;
				CLANG_WARN_STRICT_PROTOTYPES = YES;
				CLANG_WARN_SUSPICIOUS_MOVE = YES;
				CLANG_WARN_UNGUARDED_AVAILABILITY = YES_AGGRESSIVE;
				CLANG_WARN_UNREACHABLE_CODE = YES;
				CLANG_WARN__DUPLICATE_METHOD_MATCH = YES;
				CODE_SIGN_IDENTITY = "-";
				COPY_PHASE_STRIP = NO;
				DEBUG_INFORMATION_FORMAT = dwarf;
				ENABLE_STRICT_OBJC_MSGSEND = YES;
				ENABLE_TESTABILITY = YES;
				GCC_C_LANGUAGE_STANDARD = gnu11;
				GCC_DYNAMIC_NO_PIC = NO;
				GCC_NO_COMMON_BLOCKS = YES;
				GCC_OPTIMIZATION_LEVEL = 0;
				GCC_PREPROCESSOR_DEFINITIONS = (
					"DEBUG=1",
					"$(inherited)",
				);
				GCC_WARN_64_TO_32_BIT_CONVERSION = YES;
				GCC_WARN_ABOUT_RETURN_TYPE = YES_ERROR;
				GCC_WARN_UNDECLARED_SELECTOR = YES;
				GCC_WARN_UNINITIALIZED_AUTOS = YES_AGGRESSIVE;
				GCC_WARN_UNUSED_FUNCTION = YES;
				GCC_WARN_UNUSED_VARIABLE = YES;
				MACOSX_DEPLOYMENT_TARGET = 10.13;
				MTL_ENABLE_DEBUG_INFO = YES;
				ONLY_ACTIVE_ARCH = YES;
				SDKROOT = macosx;
			};
			name = Debug;
		};
		35868C4E20C6F54D00BFFE5F /* Release */ = {
			isa = XCBuildConfiguration;
			buildSettings = {
				ALWAYS_SEARCH_USER_PATHS = NO;
				CLANG_ANALYZER_NONNULL = YES;
				CLANG_ANALYZER_NUMBER_OBJECT_CONVERSION = YES_AGGRESSIVE;
				CLANG_CXX_LANGUAGE_STANDARD = "gnu++14";
				CLANG_CXX_LIBRARY = "libc++";
				CLANG_ENABLE_MODULES = YES;
				CLANG_ENABLE_OBJC_ARC = YES;
				CLANG_WARN_BLOCK_CAPTURE_AUTORELEASING = YES;
				CLANG_WARN_BOOL_CONVERSION = YES;
				CLANG_WARN_COMMA = YES;
				CLANG_WARN_CONSTANT_CONVERSION = YES;
				CLANG_WARN_DIRECT_OBJC_ISA_USAGE = YES_ERROR;
				CLANG_WARN_DOCUMENTATION_COMMENTS = YES;
				CLANG_WARN_EMPTY_BODY = YES;
				CLANG_WARN_ENUM_CONVERSION = YES;
				CLANG_WARN_INFINITE_RECURSION = YES;
				CLANG_WARN_INT_CONVERSION = YES;
				CLANG_WARN_NON_LITERAL_NULL_CONVERSION = YES;
				CLANG_WARN_OBJC_LITERAL_CONVERSION = YES;
				CLANG_WARN_OBJC_ROOT_CLASS = YES_ERROR;
				CLANG_WARN_RANGE_LOOP_ANALYSIS = YES;
				CLANG_WARN_STRICT_PROTOTYPES = YES;
				CLANG_WARN_SUSPICIOUS_MOVE = YES;
				CLANG_WARN_UNGUARDED_AVAILABILITY = YES_AGGRESSIVE;
				CLANG_WARN_UNREACHABLE_CODE = YES;
				CLANG_WARN__DUPLICATE_METHOD_MATCH = YES;
				CODE_SIGN_IDENTITY = "-";
				COPY_PHASE_STRIP = NO;
				DEBUG_INFORMATION_FORMAT = "dwarf-with-dsym";
				ENABLE_NS_ASSERTIONS = NO;
				ENABLE_STRICT_OBJC_MSGSEND = YES;
				GCC_C_LANGUAGE_STANDARD = gnu11;
				GCC_NO_COMMON_BLOCKS = YES;
				GCC_WARN_64_TO_32_BIT_CONVERSION = YES;
				GCC_WARN_ABOUT_RETURN_TYPE = YES_ERROR;
				GCC_WARN_UNDECLARED_SELECTOR = YES;
				GCC_WARN_UNINITIALIZED_AUTOS = YES_AGGRESSIVE;
				GCC_WARN_UNUSED_FUNCTION = YES;
				GCC_WARN_UNUSED_VARIABLE = YES;
				MACOSX_DEPLOYMENT_TARGET = 10.13;
				MTL_ENABLE_DEBUG_INFO = NO;
				SDKROOT = macosx;
			};
			name = Release;
		};
		35868C5020C6F54D00BFFE5F /* Debug */ = {
			isa = XCBuildConfiguration;
			buildSettings = {
				CODE_SIGN_STYLE = Automatic;
				PRODUCT_NAME = "$(TARGET_NAME)";
			};
			name = Debug;
		};
		35868C5120C6F54D00BFFE5F /* Release */ = {
			isa = XCBuildConfiguration;
			buildSettings = {
				CODE_SIGN_STYLE = Automatic;
				PRODUCT_NAME = "$(TARGET_NAME)";
			};
			name = Release;
		};
/* End XCBuildConfiguration section */

/* Begin XCConfigurationList section */
		35868C4320C6F54D00BFFE5F /* Build configuration list for PBXProject "Maths" */ = {
			isa = XCConfigurationList;
			buildConfigurations = (
				35868C4D20C6F54D00BFFE5F /* Debug */,
				35868C4E20C6F54D00BFFE5F /* Release */,
			);
			defaultConfigurationIsVisible = 0;
			defaultConfigurationName = Release;
		};
		35868C4F20C6F54D00BFFE5F /* Build configuration list for PBXNativeTarget "Maths" */ = {
			isa = XCConfigurationList;
			buildConfigurations = (
				35868C5020C6F54D00BFFE5F /* Debug */,
				35868C5120C6F54D00BFFE5F /* Release */,
			);
			defaultConfigurationIsVisible = 0;
			defaultConfigurationName = Release;
		};
/* End XCConfigurationList section */
	};
	rootObject = 35868C4020C6F54D00BFFE5F /* Project object */;
}
